github.com/OntoLedgy/core_ontology v0.0.10 h1:PDWWYwF885KHFG4bGX60iffoPEH6AjqRs0TrCl9mWRc=
github.com/OntoLedgy/core_ontology v0.0.10/go.mod h1:3uR3pdbiFodec/1MLv8lGQcQuVHVH0alidgcCoKGDvU=
github.com/OntoLedgy/storage_interop_services v0.0.14 h1:oDyAbSrSaSWKxpfOcHc3rYNMuFGQdlX7t86Bh2kVpq8=
github.com/OntoLedgy/storage_interop_services v0.0.14/go.mod h1:MPWmQj8537jwM6T9JdYPLG5TZ/dWmjkglciyjqetgZw=
github.com/creack/pty v1.1.9/go.mod h1:oKZEueFk5CKHvIhNR5MUki03XCEU+Q6VDXinZuGJ33E=
github.com/kr/pretty v0.1.0/go.mod h1:dAy3ld7l9f0ibDNOQOHHMYYIIbhfbHSm3C4ZsoJORNo=
github.com/kr/pretty v0.3.0 h1:WgNl7dwNpEZ6jJ9k1snq4pZsg7DOEN8hP9Xw0Tsjwk0=
github.com/kr/pty v1.1.1/go.mod h1:pFQYn66WHrOpPYNljwOMqo10TkYh1fy3cYio2l3bCsQ=
github.com/kr/text v0.1.0/go.mod h1:4Jbv+DJW3UT/LiOwJeYQe1efqtUx/iVham/4vfdArNI=
github.com/kr/text v0.2.0 h1:5Nx0Ya0ZqY2ygV366QzturHI13Jq95ApcVaJBhpS+AY=
github.com/kr/text v0.2.0/go.mod h1:eLer722TekiGuMkidMxC/pM04lWEeraHUUmBw8l2grE=
github.com/pkg/diff v0.0.0-20210226163009-20ebb0f2a09e/go.mod h1:pJLUxLENpZxwdsKMEsNbx1VGcRFpLqf3715MtcvvzbA=
github.com/rogpeppe/go-internal v1.8.1 h1:geMPLpDpQOgVyCg5z5GoRwLHepNdb71NXb67XFkP+Eg=
github.com/rogpeppe/go-internal v1.8.1/go.mod h1:JeRgkft04UBgHMgCIwADu4Pn6Mtm5d4nPKWu0nJ5d+o=
github.com/satori/go.uuid v1.2.0 h1:0uYX9dsZ2yD7q2RtLRtPSdGDWzjeM3TbMJP9utgA0ww=
github.com/satori/go.uuid v1.2.0/go.mod h1:dA0hQrYB0VpLJoorglMZABFdXlWrHn1NEOzdhQKdks0=
gopkg.in/check.v1 v1.0.0-20180628173108-788fd7840127/go.mod h1:Co6ibVJAznAaIkqp8huTwlJQCZ016jof/cbN4VW5Yz0=
gopkg.in/check.v1 v1.0.0-20201130134442-10cb98267c6c h1:Hei/4ADfdWqJk1ZMxUNpqntNwaWcugrBjAiHlqqRiVk=
gopkg.in/errgo.v2 v2.1.0/go.mod h1:hNsd1EY+bozCKY1Ytp96fpM3vjJbqLJn88ws8XvfDNI=
